
Microsoft Visual Studio Solution File, Format Version 12.00
# Visual Studio Version 18
VisualStudioVersion = 18.8.12023.21
MinimumVisualStudioVersion = 10.0.40219.1
Project("{FAE04EC0-301F-11D3-BF4B-00C04F79EFBC}") = "ConsoleClass", "ConsoleClass\ConsoleClass.csproj", "{178E3EF7-B188-420F-8194-D5FD7CE28811}"
EndProject
Project("{FAE04EC0-301F-11D3-BF4B-00C04F79EFBC}") = "DataTypes", "DataTypes\DataTypes.csproj", "{58C5F8E4-AB2A-47AD-AFCF-CF6607EB924D}"
EndProject
Project("{FAE04EC0-301F-11D3-BF4B-00C04F79EFBC}") = "Literals", "Literals\Literals.csproj", "{4F7AAB7E-426D-4CD0-A250-E5AB71DFD00F}"
EndProject
Project("{FAE04EC0-301F-11D3-BF4B-00C04F79EFBC}") = "TypeCasting", "TypeCasting\TypeCasting.csproj", "{A2629234-A4A3-4969-83CB-C1F9DBDAD878}"
EndProject
Project("{FAE04EC0-301F-11D3-BF4B-00C04F79EFBC}") = "Variables", "Variables\Variables.csproj", "{C9CD864F-A36B-40FF-900A-56120686374A}"
EndProject
Project("{FAE04EC0-301F-11D3-BF4B-00C04F79EFBC}") = "Operators", "Operators\Operators.csproj", "{A25D16B7-2DD9-4745-B12E-4B8EB6688438}"
EndProject
Project("{FAE04EC0-301F-11D3-BF4B-00C04F79EFBC}") = "ControlStatement", "ControlStatement\ControlStatement.csproj", "{8FCAA419-3312-A7A5-4005-A5F0B6BC773E}"
EndProject
Project("{FAE04EC0-301F-11D3-BF4B-00C04F79EFBC}") = "IfElseStatement", "IfElseStatement\IfElseStatement.csproj", "{A379E2B8-6214-4BED-801D-F23E2D51430E}"
EndProject
Project("{FAE04EC0-301F-11D3-BF4B-00C04F79EFBC}") = "SwitchStatement", "SwitchStatement\SwitchStatement.csproj", "{BCBEDE78-DF98-4F4B-AA00-9D8536D7AA46}"
EndProject
Project("{FAE04EC0-301F-11D3-BF4B-00C04F79EFBC}") = "Loops", "Loops\Loops.csproj", "{D6C913D5-DA79-487C-AA8F-9702C00C2507}"
EndProject
Project("{FAE04EC0-301F-11D3-BF4B-00C04F79EFBC}") = "Functions", "Functions\Functions.csproj", "{53011D8F-0F83-457B-BF5B-1CFA39E647CF}"
EndProject
Project("{FAE04EC0-301F-11D3-BF4B-00C04F79EFBC}") = "UserDefinedFunction", "UserDefinedFunction\UserDefinedFunction.csproj", "{AA97A34C-A6D0-443D-87DE-D78FE82D3025}"
EndProject
Global
	GlobalSection(SolutionConfigurationPlatforms) = preSolution
		Debug|Any CPU = Debug|Any CPU
		Release|Any CPU = Release|Any CPU
	EndGlobalSection
	GlobalSection(ProjectConfigurationPlatforms) = postSolution
		{178E3EF7-B188-420F-8194-D5FD7CE28811}.Debug|Any CPU.ActiveCfg = Debug|Any CPU
		{178E3EF7-B188-420F-8194-D5FD7CE28811}.Debug|Any CPU.Build.0 = Debug|Any CPU
		{178E3EF7-B188-420F-8194-D5FD7CE28811}.Release|Any CPU.ActiveCfg = Release|Any CPU
		{178E3EF7-B188-420F-8194-D5FD7CE28811}.Release|Any CPU.Build.0 = Release|Any CPU
		{58C5F8E4-AB2A-47AD-AFCF-CF6607EB924D}.Debug|Any CPU.ActiveCfg = Debug|Any CPU
		{58C5F8E4-AB2A-47AD-AFCF-CF6607EB924D}.Debug|Any CPU.Build.0 = Debug|Any CPU
		{58C5F8E4-AB2A-47AD-AFCF-CF6607EB924D}.Release|Any CPU.ActiveCfg = Release|Any CPU
		{58C5F8E4-AB2A-47AD-AFCF-CF6607EB924D}.Release|Any CPU.Build.0 = Release|Any CPU
		{4F7AAB7E-426D-4CD0-A250-E5AB71DFD00F}.Debug|Any CPU.ActiveCfg = Debug|Any CPU
		{4F7AAB7E-426D-4CD0-A250-E5AB71DFD00F}.Debug|Any CPU.Build.0 = Debug|Any CPU
		{4F7AAB7E-426D-4CD0-A250-E5AB71DFD00F}.Release|Any CPU.ActiveCfg = Release|Any CPU
		{4F7AAB7E-426D-4CD0-A250-E5AB71DFD00F}.Release|Any CPU.Build.0 = Release|Any CPU
		{A2629234-A4A3-4969-83CB-C1F9DBDAD878}.Debug|Any CPU.ActiveCfg = Debug|Any CPU
		{A2629234-A4A3-4969-83CB-C1F9DBDAD878}.Debug|Any CPU.Build.0 = Debug|Any CPU
		{A2629234-A4A3-4969-83CB-C1F9DBDAD878}.Release|Any CPU.ActiveCfg = Release|Any CPU
		{A2629234-A4A3-4969-83CB-C1F9DBDAD878}.Release|Any CPU.Build.0 = Release|Any CPU
		{C9CD864F-A36B-40FF-900A-56120686374A}.Debug|Any CPU.ActiveCfg = Debug|Any CPU
		{C9CD864F-A36B-40FF-900A-56120686374A}.Debug|Any CPU.Build.0 = Debug|Any CPU
		{C9CD864F-A36B-40FF-900A-56120686374A}.Release|Any CPU.ActiveCfg = Release|Any CPU
		{C9CD864F-A36B-40FF-900A-56120686374A}.Release|Any CPU.Build.0 = Release|Any CPU
		{A25D16B7-2DD9-4745-B12E-4B8EB6688438}.Debug|Any CPU.ActiveCfg = Debug|Any CPU
		{A25D16B7-2DD9-4745-B12E-4B8EB6688438}.Debug|Any CPU.Build.0 = Debug|Any CPU
		{A25D16B7-2DD9-4745-B12E-4B8EB6688438}.Release|Any CPU.ActiveCfg = Release|Any CPU
		{A25D16B7-2DD9-4745-B12E-4B8EB6688438}.Release|Any CPU.Build.0 = Release|Any CPU
		{8FCAA419-3312-A7A5-4005-A5F0B6BC773E}.Debug|Any CPU.ActiveCfg = Debug|Any CPU
		{8FCAA419-3312-A7A5-4005-A5F0B6BC773E}.Debug|Any CPU.Build.0 = Debug|Any CPU
		{8FCAA419-3312-A7A5-4005-A5F0B6BC773E}.Release|Any CPU.ActiveCfg = Release|Any CPU
		{8FCAA419-3312-A7A5-4005-A5F0B6BC773E}.Release|Any CPU.Build.0 = Release|Any CPU
		{A379E2B8-6214-4BED-801D-F23E2D51430E}.Debug|Any CPU.ActiveCfg = Debug|Any CPU
		{A379E2B8-6214-4BED-801D-F23E2D51430E}.Debug|Any CPU.Build.0 = Debug|Any CPU
		{A379E2B8-6214-4BED-801D-F23E2D51430E}.Release|Any CPU.ActiveCfg = Release|Any CPU
		{A379E2B8-6214-4BED-801D-F23E2D51430E}.Release|Any CPU.Build.0 = Release|Any CPU
		{BCBEDE78-DF98-4F4B-AA00-9D8536D7AA46}.Debug|Any CPU.ActiveCfg = Debug|Any CPU
		{BCBEDE78-DF98-4F4B-AA00-9D8536D7AA46}.Debug|Any CPU.Build.0 = Debug|Any CPU
		{BCBEDE78-DF98-4F4B-AA00-9D8536D7AA46}.Release|Any CPU.ActiveCfg = Release|Any CPU
		{BCBEDE78-DF98-4F4B-AA00-9D8536D7AA46}.Release|Any CPU.Build.0 = Release|Any CPU
		{D6C913D5-DA79-487C-AA8F-9702C00C2507}.Debug|Any CPU.ActiveCfg = Debug|Any CPU
		{D6C913D5-DA79-487C-AA8F-9702C00C2507}.Debug|Any CPU.Build.0 = Debug|Any CPU
		{D6C913D5-DA79-487C-AA8F-9702C00C2507}.Release|Any CPU.ActiveCfg = Release|Any CPU
		{D6C913D5-DA79-487C-AA8F-9702C00C2507}.Release|Any CPU.Build.0 = Release|Any CPU
		{53011D8F-0F83-457B-BF5B-1CFA39E647CF}.Debug|Any CPU.ActiveCfg = Debug|Any CPU
		{53011D8F-0F83-457B-BF5B-1CFA39E647CF}.Debug|Any CPU.Build.0 = Debug|Any CPU
		{53011D8F-0F83-457B-BF5B-1CFA39E647CF}.Release|Any CPU.ActiveCfg = Release|Any CPU
		{53011D8F-0F83-457B-BF5B-1CFA39E647CF}.Release|Any CPU.Build.0 = Release|Any CPU
		{AA97A34C-A6D0-443D-87DE-D78FE82D3025}.Debug|Any CPU.ActiveCfg = Debug|Any CPU
		{AA97A34C-A6D0-443D-87DE-D78FE82D3025}.Debug|Any CPU.Build.0 = Debug|Any CPU
		{AA97A34C-A6D0-443D-87DE-D78FE82D3025}.Release|Any CPU.ActiveCfg = Release|Any CPU
		{AA97A34C-A6D0-443D-87DE-D78FE82D3025}.Release|Any CPU.Build.0 = Release|Any CPU
	EndGlobalSection
	GlobalSection(SolutionProperties) = preSolution
		HideSolutionNode = FALSE
	EndGlobalSection
	GlobalSection(ExtensibilityGlobals) = postSolution
		SolutionGuid = {E224A7A0-7F9C-4384-9460-06EF9E631B9F}
	EndGlobalSection
EndGlobal
